
Microsoft Visual Studio Solution File, Format Version 12.00
# Visual Studio Version 17
VisualStudioVersion = 17.5.33516.290
MinimumVisualStudioVersion = 10.0.40219.1
Project("{FAE04EC0-301F-11D3-BF4B-00C04F79EFBC}") = "Ex01_01", "Ex01_01\Ex01_01.csproj", "{DC21911A-7146-4E2D-8995-175DE116E246}"
EndProject
Project("{FAE04EC0-301F-11D3-BF4B-00C04F79EFBC}") = "Ex01_02", "Ex01_02\Ex01_02.csproj", "{5BCD47B9-880F-45AC-9F44-EBEB892513F6}"
EndProject
Project("{FAE04EC0-301F-11D3-BF4B-00C04F79EFBC}") = "Ex01_03", "Ex01_03\Ex01_03.csproj", "{A560032B-D1A5-4F21-BE42-EC9BC678725A}"
EndProject
Project("{FAE04EC0-301F-11D3-BF4B-00C04F79EFBC}") = "Ex01_04", "Ex01_04\Ex01_04.csproj", "{06C52D4D-F2D3-4145-9AA4-2E07D6EB8838}"
EndProject
Project("{FAE04EC0-301F-11D3-BF4B-00C04F79EFBC}") = "Ex01_05", "Ex01_05\Ex01_05.csproj", "{F39CB5DF-55F4-416B-9644-47768860E4D5}"
EndProject
Global
	GlobalSection(SolutionConfigurationPlatforms) = preSolution
		Debug|Any CPU = Debug|Any CPU
		Release|Any CPU = Release|Any CPU
	EndGlobalSection
	GlobalSection(ProjectConfigurationPlatforms) = postSolution
		{DC21911A-7146-4E2D-8995-175DE116E246}.Debug|Any CPU.ActiveCfg = Debug|Any CPU
		{DC21911A-7146-4E2D-8995-175DE116E246}.Debug|Any CPU.Build.0 = Debug|Any CPU
		{DC21911A-7146-4E2D-8995-175DE116E246}.Release|Any CPU.ActiveCfg = Release|Any CPU
		{DC21911A-7146-4E2D-8995-175DE116E246}.Release|Any CPU.Build.0 = Release|Any CPU
		{5BCD47B9-880F-45AC-9F44-EBEB892513F6}.Debug|Any CPU.ActiveCfg = Debug|Any CPU
		{5BCD47B9-880F-45AC-9F44-EBEB892513F6}.Debug|Any CPU.Build.0 = Debug|Any CPU
		{5BCD47B9-880F-45AC-9F44-EBEB892513F6}.Release|Any CPU.ActiveCfg = Release|Any CPU
		{5BCD47B9-880F-45AC-9F44-EBEB892513F6}.Release|Any CPU.Build.0 = Release|Any CPU
		{A560032B-D1A5-4F21-BE42-EC9BC678725A}.Debug|Any CPU.ActiveCfg = Debug|Any CPU
		{A560032B-D1A5-4F21-BE42-EC9BC678725A}.Debug|Any CPU.Build.0 = Debug|Any CPU
		{A560032B-D1A5-4F21-BE42-EC9BC678725A}.Release|Any CPU.ActiveCfg = Release|Any CPU
		{A560032B-D1A5-4F21-BE42-EC9BC678725A}.Release|Any CPU.Build.0 = Release|Any CPU
		{06C52D4D-F2D3-4145-9AA4-2E07D6EB8838}.Debug|Any CPU.ActiveCfg = Debug|Any CPU
		{06C52D4D-F2D3-4145-9AA4-2E07D6EB8838}.Debug|Any CPU.Build.0 = Debug|Any CPU
		{06C52D4D-F2D3-4145-9AA4-2E07D6EB8838}.Release|Any CPU.ActiveCfg = Release|Any CPU
		{06C52D4D-F2D3-4145-9AA4-2E07D6EB8838}.Release|Any CPU.Build.0 = Release|Any CPU
		{F39CB5DF-55F4-416B-9644-47768860E4D5}.Debug|Any CPU.ActiveCfg = Debug|Any CPU
		{F39CB5DF-55F4-416B-9644-47768860E4D5}.Debug|Any CPU.Build.0 = Debug|Any CPU
		{F39CB5DF-55F4-416B-9644-47768860E4D5}.Release|Any CPU.ActiveCfg = Release|Any CPU
		{F39CB5DF-55F4-416B-9644-47768860E4D5}.Release|Any CPU.Build.0 = Release|Any CPU
	EndGlobalSection
	GlobalSection(SolutionProperties) = preSolution
		HideSolutionNode = FALSE
	EndGlobalSection
	GlobalSection(ExtensibilityGlobals) = postSolution
		SolutionGuid = {F0765DC4-8E1C-45C2-B62C-4C42EC260AF6}
	EndGlobalSection
EndGlobal
